// !$*UTF8*$!
{
	archiveVersion = 1;
	classes = {
	};
	objectVersion = 50;
	objects = {

/* Begin PBXBuildFile section */
		973E5E1E24A3EF690070FDA4 /* HomeTasksApp.swift in Sources */ = {isa = PBXBuildFile; fileRef = 973E5E1D24A3EF690070FDA4 /* HomeTasksApp.swift */; };
		973E5E2224A3EF6B0070FDA4 /* Assets.xcassets in Resources */ = {isa = PBXBuildFile; fileRef = 973E5E2124A3EF6B0070FDA4 /* Assets.xcassets */; };
		973E5E2524A3EF6B0070FDA4 /* Preview Assets.xcassets in Resources */ = {isa = PBXBuildFile; fileRef = 973E5E2424A3EF6B0070FDA4 /* Preview Assets.xcassets */; };
		973E5E2E24A3EFEC0070FDA4 /* TaskStore.swift in Sources */ = {isa = PBXBuildFile; fileRef = 973E5E2D24A3EFEC0070FDA4 /* TaskStore.swift */; };
		977CFBAF24A4F59000ADCCCC /* HomeTasks.xcdatamodeld in Sources */ = {isa = PBXBuildFile; fileRef = 977CFBAD24A4F59000ADCCCC /* HomeTasks.xcdatamodeld */; };
		97DD414124A68BFB00C36EA9 /* TasksOverview.swift in Sources */ = {isa = PBXBuildFile; fileRef = 97DD414024A68BFB00C36EA9 /* TasksOverview.swift */; };
		97DD414324A68C3500C36EA9 /* AddTasksView.swift in Sources */ = {isa = PBXBuildFile; fileRef = 97DD414224A68C3500C36EA9 /* AddTasksView.swift */; };
		97DD414524A68C4800C36EA9 /* TaskDetailView.swift in Sources */ = {isa = PBXBuildFile; fileRef = 97DD414424A68C4800C36EA9 /* TaskDetailView.swift */; };
		97DD414824A68C7D00C36EA9 /* NewTaskModel.swift in Sources */ = {isa = PBXBuildFile; fileRef = 97DD414724A68C7D00C36EA9 /* NewTaskModel.swift */; };
		97DD414B24A68D6D00C36EA9 /* TaskListItem.swift in Sources */ = {isa = PBXBuildFile; fileRef = 97DD414A24A68D6D00C36EA9 /* TaskListItem.swift */; };
/* End PBXBuildFile section */

/* Begin PBXFileReference section */
		973E5E1A24A3EF690070FDA4 /* HomeTasks.app */ = {isa = PBXFileReference; explicitFileType = wrapper.application; includeInIndex = 0; path = HomeTasks.app; sourceTree = BUILT_PRODUCTS_DIR; };
		973E5E1D24A3EF690070FDA4 /* HomeTasksApp.swift */ = {isa = PBXFileReference; lastKnownFileType = sourcecode.swift; path = HomeTasksApp.swift; sourceTree = "<group>"; };
		973E5E2124A3EF6B0070FDA4 /* Assets.xcassets */ = {isa = PBXFileReference; lastKnownFileType = folder.assetcatalog; path = Assets.xcassets; sourceTree = "<group>"; };
		973E5E2424A3EF6B0070FDA4 /* Preview Assets.xcassets */ = {isa = PBXFileReference; lastKnownFileType = folder.assetcatalog; path = "Preview Assets.xcassets"; sourceTree = "<group>"; };
		973E5E2624A3EF6B0070FDA4 /* Info.plist */ = {isa = PBXFileReference; lastKnownFileType = text.plist.xml; path = Info.plist; sourceTree = "<group>"; };
		973E5E2D24A3EFEC0070FDA4 /* TaskStore.swift */ = {isa = PBXFileReference; lastKnownFileType = sourcecode.swift; path = TaskStore.swift; sourceTree = "<group>"; };
		977CFBAE24A4F59000ADCCCC /* HomeTasks.xcdatamodel */ = {isa = PBXFileReference; lastKnownFileType = wrapper.xcdatamodel; path = HomeTasks.xcdatamodel; sourceTree = "<group>"; };
		97DD414024A68BFB00C36EA9 /* TasksOverview.swift */ = {isa = PBXFileReference; lastKnownFileType = sourcecode.swift; path = TasksOverview.swift; sourceTree = "<group>"; };
		97DD414224A68C3500C36EA9 /* AddTasksView.swift */ = {isa = PBXFileReference; lastKnownFileType = sourcecode.swift; path = AddTasksView.swift; sourceTree = "<group>"; };
		97DD414424A68C4800C36EA9 /* TaskDetailView.swift */ = {isa = PBXFileReference; lastKnownFileType = sourcecode.swift; path = TaskDetailView.swift; sourceTree = "<group>"; };
		97DD414724A68C7D00C36EA9 /* NewTaskModel.swift */ = {isa = PBXFileReference; lastKnownFileType = sourcecode.swift; path = NewTaskModel.swift; sourceTree = "<group>"; };
		97DD414A24A68D6D00C36EA9 /* TaskListItem.swift */ = {isa = PBXFileReference; lastKnownFileType = sourcecode.swift; path = TaskListItem.swift; sourceTree = "<group>"; };
/* End PBXFileReference section */

/* Begin PBXFrameworksBuildPhase section */
		973E5E1724A3EF690070FDA4 /* Frameworks */ = {
			isa = PBXFrameworksBuildPhase;
			buildActionMask = 2147483647;
			files = (
			);
			runOnlyForDeploymentPostprocessing = 0;
		};
/* End PBXFrameworksBuildPhase section */

/* Begin PBXGroup section */
		973E5E1124A3EF690070FDA4 = {
			isa = PBXGroup;
			children = (
				973E5E1C24A3EF690070FDA4 /* HomeTasks */,
				973E5E1B24A3EF690070FDA4 /* Products */,
			);
			sourceTree = "<group>";
		};
		973E5E1B24A3EF690070FDA4 /* Products */ = {
			isa = PBXGroup;
			children = (
				973E5E1A24A3EF690070FDA4 /* HomeTasks.app */,
			);
			name = Products;
			sourceTree = "<group>";
		};
		973E5E1C24A3EF690070FDA4 /* HomeTasks */ = {
			isa = PBXGroup;
			children = (
				97DD414924A68D5B00C36EA9 /* View Components */,
				97DD414624A68C5900C36EA9 /* Models */,
				97DD413F24A68BEC00C36EA9 /* Screens */,
				973E5E2C24A3EFE10070FDA4 /* Storage */,
				973E5E1D24A3EF690070FDA4 /* HomeTasksApp.swift */,
				973E5E2124A3EF6B0070FDA4 /* Assets.xcassets */,
				973E5E2624A3EF6B0070FDA4 /* Info.plist */,
				973E5E2324A3EF6B0070FDA4 /* Preview Content */,
				977CFBAD24A4F59000ADCCCC /* HomeTasks.xcdatamodeld */,
			);
			path = HomeTasks;
			sourceTree = "<group>";
		};
		973E5E2324A3EF6B0070FDA4 /* Preview Content */ = {
			isa = PBXGroup;
			children = (
				973E5E2424A3EF6B0070FDA4 /* Preview Assets.xcassets */,
			);
			path = "Preview Content";
			sourceTree = "<group>";
		};
		973E5E2C24A3EFE10070FDA4 /* Storage */ = {
			isa = PBXGroup;
			children = (
				973E5E2D24A3EFEC0070FDA4 /* TaskStore.swift */,
			);
			path = Storage;
			sourceTree = "<group>";
		};
		97DD413F24A68BEC00C36EA9 /* Screens */ = {
			isa = PBXGroup;
			children = (
				97DD414024A68BFB00C36EA9 /* TasksOverview.swift */,
				97DD414224A68C3500C36EA9 /* AddTasksView.swift */,
				97DD414424A68C4800C36EA9 /* TaskDetailView.swift */,
			);
			path = Screens;
			sourceTree = "<group>";
		};
		97DD414624A68C5900C36EA9 /* Models */ = {
			isa = PBXGroup;
			children = (
				97DD414724A68C7D00C36EA9 /* NewTaskModel.swift */,
			);
			path = Models;
			sourceTree = "<group>";
		};
		97DD414924A68D5B00C36EA9 /* View Components */ = {
			isa = PBXGroup;
			children = (
				97DD414A24A68D6D00C36EA9 /* TaskListItem.swift */,
			);
			path = "View Components";
			sourceTree = "<group>";
		};
/* End PBXGroup section */

/* Begin PBXNativeTarget section */
		973E5E1924A3EF690070FDA4 /* HomeTasks */ = {
			isa = PBXNativeTarget;
			buildConfigurationList = 973E5E2924A3EF6B0070FDA4 /* Build configuration list for PBXNativeTarget "HomeTasks" */;
			buildPhases = (
				973E5E1624A3EF690070FDA4 /* Sources */,
				973E5E1724A3EF690070FDA4 /* Frameworks */,
				973E5E1824A3EF690070FDA4 /* Resources */,
			);
			buildRules = (
			);
			dependencies = (
			);
			name = HomeTasks;
			productName = HomeTasks;
			productReference = 973E5E1A24A3EF690070FDA4 /* HomeTasks.app */;
			productType = "com.apple.product-type.application";
		};
/* End PBXNativeTarget section */

/* Begin PBXProject section */
		973E5E1224A3EF690070FDA4 /* Project object */ = {
			isa = PBXProject;
			attributes = {
				LastSwiftUpdateCheck = 1200;
				LastUpgradeCheck = 1200;
				TargetAttributes = {
					973E5E1924A3EF690070FDA4 = {
						CreatedOnToolsVersion = 12.0;
					};
				};
			};
			buildConfigurationList = 973E5E1524A3EF690070FDA4 /* Build configuration list for PBXProject "HomeTasks" */;
			compatibilityVersion = "Xcode 9.3";
			developmentRegion = en;
			hasScannedForEncodings = 0;
			knownRegions = (
				en,
				Base,
			);
			mainGroup = 973E5E1124A3EF690070FDA4;
			productRefGroup = 973E5E1B24A3EF690070FDA4 /* Products */;
			projectDirPath = "";
			projectRoot = "";
			targets = (
				973E5E1924A3EF690070FDA4 /* HomeTasks */,
			);
		};
/* End PBXProject section */

/* Begin PBXResourcesBuildPhase section */
		973E5E1824A3EF690070FDA4 /* Resources */ = {
			isa = PBXResourcesBuildPhase;
			buildActionMask = 2147483647;
			files = (
				973E5E2524A3EF6B0070FDA4 /* Preview Assets.xcassets in Resources */,
				973E5E2224A3EF6B0070FDA4 /* Assets.xcassets in Resources */,
			);
			runOnlyForDeploymentPostprocessing = 0;
		};
/* End PBXResourcesBuildPhase section */

/* Begin PBXSourcesBuildPhase section */
		973E5E1624A3EF690070FDA4 /* Sources */ = {
			isa = PBXSourcesBuildPhase;
			buildActionMask = 2147483647;
			files = (
				97DD414524A68C4800C36EA9 /* TaskDetailView.swift in Sources */,
				97DD414824A68C7D00C36EA9 /* NewTaskModel.swift in Sources */,
				973E5E2E24A3EFEC0070FDA4 /* TaskStore.swift in Sources */,
				97DD414B24A68D6D00C36EA9 /* TaskListItem.swift in Sources */,
				97DD414324A68C3500C36EA9 /* AddTasksView.swift in Sources */,
				977CFBAF24A4F59000ADCCCC /* HomeTasks.xcdatamodeld in Sources */,
				973E5E1E24A3EF690070FDA4 /* HomeTasksApp.swift in Sources */,
				97DD414124A68BFB00C36EA9 /* TasksOverview.swift in Sources */,
			);
			runOnlyForDeploymentPostprocessing = 0;
		};
/* End PBXSourcesBuildPhase section */

/* Begin XCBuildConfiguration section */
		973E5E2724A3EF6B0070FDA4 /* Debug */ = {
			isa = XCBuildConfiguration;
			buildSettings = {
				ALWAYS_SEARCH_USER_PATHS = NO;
				CLANG_ANALYZER_NONNULL = YES;
				CLANG_ANALYZER_NUMBER_OBJECT_CONVERSION = YES_AGGRESSIVE;
				CLANG_CXX_LANGUAGE_STANDARD = "gnu++14";
				CLANG_CXX_LIBRARY = "libc++";
				CLANG_ENABLE_MODULES = YES;
				CLANG_ENABLE_OBJC_ARC = YES;
				CLANG_ENABLE_OBJC_WEAK = YES;
				CLANG_WARN_BLOCK_CAPTURE_AUTORELEASING = YES;
				CLANG_WARN_BOOL_CONVERSION = YES;
				CLANG_WARN_COMMA = YES;
				CLANG_WARN_CONSTANT_CONVERSION = YES;
				CLANG_WARN_DEPRECATED_OBJC_IMPLEMENTATIONS = YES;
				CLANG_WARN_DIRECT_OBJC_ISA_USAGE = YES_ERROR;
				CLANG_WARN_DOCUMENTATION_COMMENTS = YES;
				CLANG_WARN_EMPTY_BODY = YES;
				CLANG_WARN_ENUM_CONVERSION = YES;
				CLANG_WARN_INFINITE_RECURSION = YES;
				CLANG_WARN_INT_CONVERSION = YES;
				CLANG_WARN_NON_LITERAL_NULL_CONVERSION = YES;
				CLANG_WARN_OBJC_IMPLICIT_RETAIN_SELF = YES;
				CLANG_WARN_OBJC_LITERAL_CONVERSION = YES;
				CLANG_WARN_OBJC_ROOT_CLASS = YES_ERROR;
				CLANG_WARN_QUOTED_INCLUDE_IN_FRAMEWORK_HEADER = YES;
				CLANG_WARN_RANGE_LOOP_ANALYSIS = YES;
				CLANG_WARN_STRICT_PROTOTYPES = YES;
				CLANG_WARN_SUSPICIOUS_MOVE = YES;
				CLANG_WARN_UNGUARDED_AVAILABILITY = YES_AGGRESSIVE;
				CLANG_WARN_UNREACHABLE_CODE = YES;
				CLANG_WARN__DUPLICATE_METHOD_MATCH = YES;
				COPY_PHASE_STRIP = NO;
				DEBUG_INFORMATION_FORMAT = dwarf;
				ENABLE_STRICT_OBJC_MSGSEND = YES;
				ENABLE_TESTABILITY = YES;
				GCC_C_LANGUAGE_STANDARD = gnu11;
				GCC_DYNAMIC_NO_PIC = NO;
				GCC_NO_COMMON_BLOCKS = YES;
				GCC_OPTIMIZATION_LEVEL = 0;
				GCC_PREPROCESSOR_DEFINITIONS = (
					"DEBUG=1",
					"$(inherited)",
				);
				GCC_WARN_64_TO_32_BIT_CONVERSION = YES;
				GCC_WARN_ABOUT_RETURN_TYPE = YES_ERROR;
				GCC_WARN_UNDECLARED_SELECTOR = YES;
				GCC_WARN_UNINITIALIZED_AUTOS = YES_AGGRESSIVE;
				GCC_WARN_UNUSED_FUNCTION = YES;
				GCC_WARN_UNUSED_VARIABLE = YES;
				IPHONEOS_DEPLOYMENT_TARGET = 14.0;
				MTL_ENABLE_DEBUG_INFO = INCLUDE_SOURCE;
				MTL_FAST_MATH = YES;
				ONLY_ACTIVE_ARCH = YES;
				SDKROOT = iphoneos;
				SWIFT_ACTIVE_COMPILATION_CONDITIONS = DEBUG;
				SWIFT_OPTIMIZATION_LEVEL = "-Onone";
			};
			name = Debug;
		};
		973E5E2824A3EF6B0070FDA4 /* Release */ = {
			isa = XCBuildConfiguration;
			buildSettings = {
				ALWAYS_SEARCH_USER_PATHS = NO;
				CLANG_ANALYZER_NONNULL = YES;
				CLANG_ANALYZER_NUMBER_OBJECT_CONVERSION = YES_AGGRESSIVE;
				CLANG_CXX_LANGUAGE_STANDARD = "gnu++14";
				CLANG_CXX_LIBRARY = "libc++";
				CLANG_ENABLE_MODULES = YES;
				CLANG_ENABLE_OBJC_ARC = YES;
				CLANG_ENABLE_OBJC_WEAK = YES;
				CLANG_WARN_BLOCK_CAPTURE_AUTORELEASING = YES;
				CLANG_WARN_BOOL_CONVERSION = YES;
				CLANG_WARN_COMMA = YES;
				CLANG_WARN_CONSTANT_CONVERSION = YES;
				CLANG_WARN_DEPRECATED_OBJC_IMPLEMENTATIONS = YES;
				CLANG_WARN_DIRECT_OBJC_ISA_USAGE = YES_ERROR;
				CLANG_WARN_DOCUMENTATION_COMMENTS = YES;
				CLANG_WARN_EMPTY_BODY = YES;
				CLANG_WARN_ENUM_CONVERSION = YES;
				CLANG_WARN_INFINITE_RECURSION = YES;
				CLANG_WARN_INT_CONVERSION = YES;
				CLANG_WARN_NON_LITERAL_NULL_CONVERSION = YES;
				CLANG_WARN_OBJC_IMPLICIT_RETAIN_SELF = YES;
				CLANG_WARN_OBJC_LITERAL_CONVERSION = YES;
				CLANG_WARN_OBJC_ROOT_CLASS = YES_ERROR;
				CLANG_WARN_QUOTED_INCLUDE_IN_FRAMEWORK_HEADER = YES;
				CLANG_WARN_RANGE_LOOP_ANALYSIS = YES;
				CLANG_WARN_STRICT_PROTOTYPES = YES;
				CLANG_WARN_SUSPICIOUS_MOVE = YES;
				CLANG_WARN_UNGUARDED_AVAILABILITY = YES_AGGRESSIVE;
				CLANG_WARN_UNREACHABLE_CODE = YES;
				CLANG_WARN__DUPLICATE_METHOD_MATCH = YES;
				COPY_PHASE_STRIP = NO;
				DEBUG_INFORMATION_FORMAT = "dwarf-with-dsym";
				ENABLE_NS_ASSERTIONS = NO;
				ENABLE_STRICT_OBJC_MSGSEND = YES;
				GCC_C_LANGUAGE_STANDARD = gnu11;
				GCC_NO_COMMON_BLOCKS = YES;
				GCC_WARN_64_TO_32_BIT_CONVERSION = YES;
				GCC_WARN_ABOUT_RETURN_TYPE = YES_ERROR;
				GCC_WARN_UNDECLARED_SELECTOR = YES;
				GCC_WARN_UNINITIALIZED_AUTOS = YES_AGGRESSIVE;
				GCC_WARN_UNUSED_FUNCTION = YES;
				GCC_WARN_UNUSED_VARIABLE = YES;
				IPHONEOS_DEPLOYMENT_TARGET = 14.0;
				MTL_ENABLE_DEBUG_INFO = NO;
				MTL_FAST_MATH = YES;
				SDKROOT = iphoneos;
				SWIFT_COMPILATION_MODE = wholemodule;
				SWIFT_OPTIMIZATION_LEVEL = "-O";
				VALIDATE_PRODUCT = YES;
			};
			name = Release;
		};
		973E5E2A24A3EF6B0070FDA4 /* Debug */ = {
			isa = XCBuildConfiguration;
			buildSettings = {
				ASSETCATALOG_COMPILER_APPICON_NAME = AppIcon;
				ASSETCATALOG_COMPILER_GLOBAL_ACCENT_COLOR_NAME = AccentColor;
				CODE_SIGN_STYLE = Automatic;
				DEVELOPMENT_ASSET_PATHS = "\"HomeTasks/Preview Content\"";
				DEVELOPMENT_TEAM = 4JMM8JMG3H;
				ENABLE_PREVIEWS = YES;
				INFOPLIST_FILE = HomeTasks/Info.plist;
				IPHONEOS_DEPLOYMENT_TARGET = 14.0;
				LD_RUNPATH_SEARCH_PATHS = (
					"$(inherited)",
					"@executable_path/Frameworks",
				);
				PRODUCT_BUNDLE_IDENTIFIER = com.donnywals.HomeTasks;
				PRODUCT_NAME = "$(TARGET_NAME)";
				SWIFT_VERSION = 5.0;
				TARGETED_DEVICE_FAMILY = "1,2";
			};
			name = Debug;
		};
		973E5E2B24A3EF6B0070FDA4 /* Release */ = {
			isa = XCBuildConfiguration;
			buildSettings = {
				ASSETCATALOG_COMPILER_APPICON_NAME = AppIcon;
				ASSETCATALOG_COMPILER_GLOBAL_ACCENT_COLOR_NAME = AccentColor;
				CODE_SIGN_STYLE = Automatic;
				DEVELOPMENT_ASSET_PATHS = "\"HomeTasks/Preview Content\"";
				DEVELOPMENT_TEAM = 4JMM8JMG3H;
				ENABLE_PREVIEWS = YES;
				INFOPLIST_FILE = HomeTasks/Info.plist;
				IPHONEOS_DEPLOYMENT_TARGET = 14.0;
				LD_RUNPATH_SEARCH_PATHS = (
					"$(inherited)",
					"@executable_path/Frameworks",
				);
				PRODUCT_BUNDLE_IDENTIFIER = com.donnywals.HomeTasks;
				PRODUCT_NAME = "$(TARGET_NAME)";
				SWIFT_VERSION = 5.0;
				TARGETED_DEVICE_FAMILY = "1,2";
			};
			name = Release;
		};
/* End XCBuildConfiguration section */

/* Begin XCConfigurationList section */
		973E5E1524A3EF690070FDA4 /* Build configuration list for PBXProject "HomeTasks" */ = {
			isa = XCConfigurationList;
			buildConfigurations = (
				973E5E2724A3EF6B0070FDA4 /* Debug */,
				973E5E2824A3EF6B0070FDA4 /* Release */,
			);
			defaultConfigurationIsVisible = 0;
			defaultConfigurationName = Release;
		};
		973E5E2924A3EF6B0070FDA4 /* Build configuration list for PBXNativeTarget "HomeTasks" */ = {
			isa = XCConfigurationList;
			buildConfigurations = (
				973E5E2A24A3EF6B0070FDA4 /* Debug */,
				973E5E2B24A3EF6B0070FDA4 /* Release */,
			);
			defaultConfigurationIsVisible = 0;
			defaultConfigurationName = Release;
		};
/* End XCConfigurationList section */

/* Begin XCVersionGroup section */
		977CFBAD24A4F59000ADCCCC /* HomeTasks.xcdatamodeld */ = {
			isa = XCVersionGroup;
			children = (
				977CFBAE24A4F59000ADCCCC /* HomeTasks.xcdatamodel */,
			);
			currentVersion = 977CFBAE24A4F59000ADCCCC /* HomeTasks.xcdatamodel */;
			path = HomeTasks.xcdatamodeld;
			sourceTree = "<group>";
			versionGroupType = wrapper.xcdatamodel;
		};
/* End XCVersionGroup section */
	};
	rootObject = 973E5E1224A3EF690070FDA4 /* Project object */;
}
